schema: '2.0'
stages:
  stage_1:
    cmd: python3 pipeline/pip_1.py
    deps:
    - path: data/textFiles/file.txt
      hash: md5
      md5: 589e49cbdabda5ec1416022a3ca547d1
      size: 16
  stage_2:
    cmd: python3 pipeline/pip_1.py
    deps:
    - path: data/textFiles/file.txt
      hash: md5
      md5: 589e49cbdabda5ec1416022a3ca547d1
      size: 16
  stage_3:
    cmd: python3 pipeline/pip_1.py
    deps:
    - path: data/textFiles/file.txt
      hash: md5
      md5: 589e49cbdabda5ec1416022a3ca547d1
      size: 16
